PODS:
  - Alamofire (3.4.1)
  - HanekeSwift (0.10.1)
  - ObjectMapper (1.3.0)
  - PKHUD (3.1.0)
  - PullToRefreshSwift (2.0.0)
  - ReachabilitySwift (2.3.3)
  - SnapKit (0.21.1)
  - SwiftyJSON (2.3.2)

DEPENDENCIES:
  - Alamofire
  - HanekeSwift
  - ObjectMapper
  - PKHUD
  - PullToRefreshSwift
  - ReachabilitySwift
  - SnapKit
  - SwiftyJSON

SPEC CHECKSUMS:
  Alamofire: 01a82e2f6c0f860ade35534c8dd88be61bdef40c
  HanekeSwift: 08e47d3d0f2899ec58e5d257beba0de619aca9e8
  ObjectMapper: 4eb08a726e9791a93b2632049951b56a7c17e471
  PKHUD: 4167eccdb1b3a892fd80ce2b51cb6ba412a889ab
  PullToRefreshSwift: 5c509e89c6638eae689813b665eff1a0ea0560d3
  ReachabilitySwift: e0f6b6f280effb47731acfaaa2d5ffe223703793
  SnapKit: bbad04cb016c7cead63965f16b00c09318d271ee
  SwiftyJSON: 04ccea08915aa0109039157c7974cf0298da292a

COCOAPODS: 0.39.0
