// !$*UTF8*$!
{
	archiveVersion = 1;
	classes = {
	};
	objectVersion = 46;
	objects = {

/* Begin PBXBuildFile section */
		04805D731D239A6200CA12CE /* DSSUIImage+Extension.swift in Sources */ = {isa = PBXBuildFile; fileRef = 04805D721D239A6200CA12CE /* DSSUIImage+Extension.swift */; };
		04C028061D224EDF0060CD7C /* EditViewController.swift in Sources */ = {isa = PBXBuildFile; fileRef = 04C028051D224EDF0060CD7C /* EditViewController.swift */; };
		04C028101D224EFC0060CD7C /* FKEditDescCell.swift in Sources */ = {isa = PBXBuildFile; fileRef = 04C028091D224EFC0060CD7C /* FKEditDescCell.swift */; };
		04C028111D224EFC0060CD7C /* FKEditInputCell.swift in Sources */ = {isa = PBXBuildFile; fileRef = 04C0280A1D224EFC0060CD7C /* FKEditInputCell.swift */; };
		04C028121D224EFC0060CD7C /* FKEditPicCell.swift in Sources */ = {isa = PBXBuildFile; fileRef = 04C0280B1D224EFC0060CD7C /* FKEditPicCell.swift */; };
		04C028131D224EFC0060CD7C /* FKEditUpcCell.swift in Sources */ = {isa = PBXBuildFile; fileRef = 04C0280C1D224EFC0060CD7C /* FKEditUpcCell.swift */; };
		04C028141D224EFC0060CD7C /* FKSexChooseCell.swift in Sources */ = {isa = PBXBuildFile; fileRef = 04C0280D1D224EFC0060CD7C /* FKSexChooseCell.swift */; };
		04C028161D224F0A0060CD7C /* FKEditHeaderView.swift in Sources */ = {isa = PBXBuildFile; fileRef = 04C028151D224F0A0060CD7C /* FKEditHeaderView.swift */; };
		04C028191D224FB50060CD7C /* EditViewModel.swift in Sources */ = {isa = PBXBuildFile; fileRef = 04C028181D224FB50060CD7C /* EditViewModel.swift */; };
		04C0281B1D2257220060CD7C /* UITableViewCell+Extension.swift in Sources */ = {isa = PBXBuildFile; fileRef = 04C0281A1D2257220060CD7C /* UITableViewCell+Extension.swift */; };
		04C028201D2258190060CD7C /* FKScanController.swift in Sources */ = {isa = PBXBuildFile; fileRef = 04C0281F1D2258190060CD7C /* FKScanController.swift */; };
		04C028221D2258270060CD7C /* FKScanCoverView.swift in Sources */ = {isa = PBXBuildFile; fileRef = 04C028211D2258270060CD7C /* FKScanCoverView.swift */; };
		04C0282C1D227D530060CD7C /* FKEditImgContainer.swift in Sources */ = {isa = PBXBuildFile; fileRef = 04C0282B1D227D530060CD7C /* FKEditImgContainer.swift */; };
		B2E38D1E4BF0E3D09266E721 /* Pods_StorageApp.framework in Frameworks */ = {isa = PBXBuildFile; fileRef = 7C31FD8A599DE8BA2F67955A /* Pods_StorageApp.framework */; };
		CE13DD231D1AA65C0072D045 /* AppDelegate.swift in Sources */ = {isa = PBXBuildFile; fileRef = CE13DD221D1AA65C0072D045 /* AppDelegate.swift */; };
		CE13DD281D1AA65C0072D045 /* Main.storyboard in Resources */ = {isa = PBXBuildFile; fileRef = CE13DD261D1AA65C0072D045 /* Main.storyboard */; };
		CE13DD2A1D1AA65C0072D045 /* Assets.xcassets in Resources */ = {isa = PBXBuildFile; fileRef = CE13DD291D1AA65C0072D045 /* Assets.xcassets */; };
		CE13DD2D1D1AA65C0072D045 /* LaunchScreen.storyboard in Resources */ = {isa = PBXBuildFile; fileRef = CE13DD2B1D1AA65C0072D045 /* LaunchScreen.storyboard */; };
		CE13DD381D1AA65C0072D045 /* StorageAppTests.swift in Sources */ = {isa = PBXBuildFile; fileRef = CE13DD371D1AA65C0072D045 /* StorageAppTests.swift */; };
		CE13DD431D1AA65C0072D045 /* StorageAppUITests.swift in Sources */ = {isa = PBXBuildFile; fileRef = CE13DD421D1AA65C0072D045 /* StorageAppUITests.swift */; };
		CE13DD721D1BBA040072D045 /* DSSProductListController.swift in Sources */ = {isa = PBXBuildFile; fileRef = CE13DD711D1BBA040072D045 /* DSSProductListController.swift */; };
		CE13DD771D1BBAFB0072D045 /* DSSBaseViewController.swift in Sources */ = {isa = PBXBuildFile; fileRef = CE13DD761D1BBAFB0072D045 /* DSSBaseViewController.swift */; };
		CE13DD781D1BBAFB0072D045 /* DSSBaseViewController.swift in Sources */ = {isa = PBXBuildFile; fileRef = CE13DD761D1BBAFB0072D045 /* DSSBaseViewController.swift */; };
		CE13DD791D1BBAFB0072D045 /* DSSBaseViewController.swift in Sources */ = {isa = PBXBuildFile; fileRef = CE13DD761D1BBAFB0072D045 /* DSSBaseViewController.swift */; };
		CE13DD7B1D1BBBE90072D045 /* DSSLoginController.swift in Sources */ = {isa = PBXBuildFile; fileRef = CE13DD7A1D1BBBE90072D045 /* DSSLoginController.swift */; };
		CE13DD7C1D1BBBE90072D045 /* DSSLoginController.swift in Sources */ = {isa = PBXBuildFile; fileRef = CE13DD7A1D1BBBE90072D045 /* DSSLoginController.swift */; };
		CE13DD7D1D1BBBE90072D045 /* DSSLoginController.swift in Sources */ = {isa = PBXBuildFile; fileRef = CE13DD7A1D1BBBE90072D045 /* DSSLoginController.swift */; };
		CE3DDD5D1D1BD8A1005459B6 /* DSSLoginTextInput.swift in Sources */ = {isa = PBXBuildFile; fileRef = CE3DDD5C1D1BD8A1005459B6 /* DSSLoginTextInput.swift */; };
		CE3DDD5E1D1BD8A1005459B6 /* DSSLoginTextInput.swift in Sources */ = {isa = PBXBuildFile; fileRef = CE3DDD5C1D1BD8A1005459B6 /* DSSLoginTextInput.swift */; };
		CE3DDD5F1D1BD8A1005459B6 /* DSSLoginTextInput.swift in Sources */ = {isa = PBXBuildFile; fileRef = CE3DDD5C1D1BD8A1005459B6 /* DSSLoginTextInput.swift */; };
		CE3DDD6B1D1BF4A3005459B6 /* DSSAccount.swift in Sources */ = {isa = PBXBuildFile; fileRef = CE3DDD6A1D1BF4A3005459B6 /* DSSAccount.swift */; };
		CE3DDD6C1D1BF4A3005459B6 /* DSSAccount.swift in Sources */ = {isa = PBXBuildFile; fileRef = CE3DDD6A1D1BF4A3005459B6 /* DSSAccount.swift */; };
		CE3DDD6D1D1BF4A3005459B6 /* DSSAccount.swift in Sources */ = {isa = PBXBuildFile; fileRef = CE3DDD6A1D1BF4A3005459B6 /* DSSAccount.swift */; };
		CE3DDD6F1D1C290A005459B6 /* DSSResponseHeader.swift in Sources */ = {isa = PBXBuildFile; fileRef = CE3DDD6E1D1C290A005459B6 /* DSSResponseHeader.swift */; };
		CE3DDD701D1C290A005459B6 /* DSSResponseHeader.swift in Sources */ = {isa = PBXBuildFile; fileRef = CE3DDD6E1D1C290A005459B6 /* DSSResponseHeader.swift */; };
		CE3DDD711D1C290A005459B6 /* DSSResponseHeader.swift in Sources */ = {isa = PBXBuildFile; fileRef = CE3DDD6E1D1C290A005459B6 /* DSSResponseHeader.swift */; };
		CE3DDD731D1C2A7F005459B6 /* DSSNetwork.swift in Sources */ = {isa = PBXBuildFile; fileRef = CE3DDD721D1C2A7F005459B6 /* DSSNetwork.swift */; };
		CE3DDD741D1C2A7F005459B6 /* DSSNetwork.swift in Sources */ = {isa = PBXBuildFile; fileRef = CE3DDD721D1C2A7F005459B6 /* DSSNetwork.swift */; };
		CE3DDD751D1C2A7F005459B6 /* DSSNetwork.swift in Sources */ = {isa = PBXBuildFile; fileRef = CE3DDD721D1C2A7F005459B6 /* DSSNetwork.swift */; };
		CE3DDD771D1C2A8F005459B6 /* DSSStorage.swift in Sources */ = {isa = PBXBuildFile; fileRef = CE3DDD761D1C2A8F005459B6 /* DSSStorage.swift */; };
		CE3DDD781D1C2A8F005459B6 /* DSSStorage.swift in Sources */ = {isa = PBXBuildFile; fileRef = CE3DDD761D1C2A8F005459B6 /* DSSStorage.swift */; };
		CE3DDD791D1C2A8F005459B6 /* DSSStorage.swift in Sources */ = {isa = PBXBuildFile; fileRef = CE3DDD761D1C2A8F005459B6 /* DSSStorage.swift */; };
		CE3DDD7B1D1CCCEE005459B6 /* DSSDataCenter.swift in Sources */ = {isa = PBXBuildFile; fileRef = CE3DDD7A1D1CCCEE005459B6 /* DSSDataCenter.swift */; };
		CE3DDD7C1D1CCCEE005459B6 /* DSSDataCenter.swift in Sources */ = {isa = PBXBuildFile; fileRef = CE3DDD7A1D1CCCEE005459B6 /* DSSDataCenter.swift */; };
		CE3DDD7D1D1CCCEE005459B6 /* DSSDataCenter.swift in Sources */ = {isa = PBXBuildFile; fileRef = CE3DDD7A1D1CCCEE005459B6 /* DSSDataCenter.swift */; };
		CEBBA7DB1D22774D00187B07 /* DSSSegmentControl.swift in Sources */ = {isa = PBXBuildFile; fileRef = CEBBA7DA1D22774D00187B07 /* DSSSegmentControl.swift */; };
		CEBBA7DD1D22776100187B07 /* DSSAppearance.swift in Sources */ = {isa = PBXBuildFile; fileRef = CEBBA7DC1D22776100187B07 /* DSSAppearance.swift */; };
		CEBBA7DF1D22777600187B07 /* DSSProductListService.swift in Sources */ = {isa = PBXBuildFile; fileRef = CEBBA7DE1D22777600187B07 /* DSSProductListService.swift */; };
		CEBBA7E11D22778500187B07 /* DSSCommonDefine.swift in Sources */ = {isa = PBXBuildFile; fileRef = CEBBA7E01D22778500187B07 /* DSSCommonDefine.swift */; };
		CEBBA7E31D2277A600187B07 /* DSSColor+Extension.swift in Sources */ = {isa = PBXBuildFile; fileRef = CEBBA7E21D2277A600187B07 /* DSSColor+Extension.swift */; };
		CEBBA8041D23AF5F00187B07 /* DSSProductListCell.swift in Sources */ = {isa = PBXBuildFile; fileRef = CEBBA8011D23AF5F00187B07 /* DSSProductListCell.swift */; };
		CEBBA8051D23AF5F00187B07 /* DSSProductListModel.swift in Sources */ = {isa = PBXBuildFile; fileRef = CEBBA8021D23AF5F00187B07 /* DSSProductListModel.swift */; };
		CEBBA8061D23AF5F00187B07 /* DSSProductListViewModel.swift in Sources */ = {isa = PBXBuildFile; fileRef = CEBBA8031D23AF5F00187B07 /* DSSProductListViewModel.swift */; };
		CEBBA80A1D23AF6700187B07 /* DSSImage+ViewExtension.swift in Sources */ = {isa = PBXBuildFile; fileRef = CEBBA8071D23AF6700187B07 /* DSSImage+ViewExtension.swift */; };
		CEBBA80B1D23AF6700187B07 /* DSSInt+Extension.swift in Sources */ = {isa = PBXBuildFile; fileRef = CEBBA8081D23AF6700187B07 /* DSSInt+Extension.swift */; };
		CEBBA80C1D23AF6700187B07 /* DSSString+Extension.swift in Sources */ = {isa = PBXBuildFile; fileRef = CEBBA8091D23AF6700187B07 /* DSSString+Extension.swift */; };
		CEF0CAE31D1D0EE0003C5357 /* DSSServer.swift in Sources */ = {isa = PBXBuildFile; fileRef = CEF0CAE21D1D0EE0003C5357 /* DSSServer.swift */; };
		CEF0CAE41D1D0EE0003C5357 /* DSSServer.swift in Sources */ = {isa = PBXBuildFile; fileRef = CEF0CAE21D1D0EE0003C5357 /* DSSServer.swift */; };
		CEF0CAE51D1D0EE0003C5357 /* DSSServer.swift in Sources */ = {isa = PBXBuildFile; fileRef = CEF0CAE21D1D0EE0003C5357 /* DSSServer.swift */; };
		CEF0CAE71D1D12DE003C5357 /* DSSRequestHeader.swift in Sources */ = {isa = PBXBuildFile; fileRef = CEF0CAE61D1D12DE003C5357 /* DSSRequestHeader.swift */; };
		CEF0CAE81D1D12DE003C5357 /* DSSRequestHeader.swift in Sources */ = {isa = PBXBuildFile; fileRef = CEF0CAE61D1D12DE003C5357 /* DSSRequestHeader.swift */; };
		CEF0CAE91D1D12DE003C5357 /* DSSRequestHeader.swift in Sources */ = {isa = PBXBuildFile; fileRef = CEF0CAE61D1D12DE003C5357 /* DSSRequestHeader.swift */; };
		CEF0CAEB1D1D1CB8003C5357 /* DSSLoginService.swift in Sources */ = {isa = PBXBuildFile; fileRef = CEF0CAEA1D1D1CB8003C5357 /* DSSLoginService.swift */; };
		CEF0CAEC1D1D1CB8003C5357 /* DSSLoginService.swift in Sources */ = {isa = PBXBuildFile; fileRef = CEF0CAEA1D1D1CB8003C5357 /* DSSLoginService.swift */; };
		CEF0CAED1D1D1CB8003C5357 /* DSSLoginService.swift in Sources */ = {isa = PBXBuildFile; fileRef = CEF0CAEA1D1D1CB8003C5357 /* DSSLoginService.swift */; };
		CEF0CAF51D1D31CA003C5357 /* DSSDictionary+Extension.swift in Sources */ = {isa = PBXBuildFile; fileRef = CEF0CAF41D1D31CA003C5357 /* DSSDictionary+Extension.swift */; };
		CEF0CAF61D1D31CA003C5357 /* DSSDictionary+Extension.swift in Sources */ = {isa = PBXBuildFile; fileRef = CEF0CAF41D1D31CA003C5357 /* DSSDictionary+Extension.swift */; };
		CEF0CAF71D1D31CA003C5357 /* DSSDictionary+Extension.swift in Sources */ = {isa = PBXBuildFile; fileRef = CEF0CAF41D1D31CA003C5357 /* DSSDictionary+Extension.swift */; };
		E2DE87AEEA7CC9EA01119BD2 /* Pods_StorageAppUITests.framework in Frameworks */ = {isa = PBXBuildFile; fileRef = 5555A8C28B0A61C296DE1B7A /* Pods_StorageAppUITests.framework */; };
		FF1C13106CF47C6ECEF382FF /* Pods_StorageAppTests.framework in Frameworks */ = {isa = PBXBuildFile; fileRef = 5209EEB7120DB37DAC4DD3E1 /* Pods_StorageAppTests.framework */; };
/* End PBXBuildFile section */

/* Begin PBXContainerItemProxy section */
		CE13DD341D1AA65C0072D045 /* PBXContainerItemProxy */ = {
			isa = PBXContainerItemProxy;
			containerPortal = CE13DD171D1AA65B0072D045 /* Project object */;
			proxyType = 1;
			remoteGlobalIDString = CE13DD1E1D1AA65B0072D045;
			remoteInfo = StorageApp;
		};
		CE13DD3F1D1AA65C0072D045 /* PBXContainerItemProxy */ = {
			isa = PBXContainerItemProxy;
			containerPortal = CE13DD171D1AA65B0072D045 /* Project object */;
			proxyType = 1;
			remoteGlobalIDString = CE13DD1E1D1AA65B0072D045;
			remoteInfo = StorageApp;
		};
/* End PBXContainerItemProxy section */

/* Begin PBXFileReference section */
		04805D721D239A6200CA12CE /* DSSUIImage+Extension.swift */ = {isa = PBXFileReference; fileEncoding = 4; lastKnownFileType = sourcecode.swift; path = "DSSUIImage+Extension.swift"; sourceTree = "<group>"; };
		04C028051D224EDF0060CD7C /* EditViewController.swift */ = {isa = PBXFileReference; fileEncoding = 4; lastKnownFileType = sourcecode.swift; path = EditViewController.swift; sourceTree = "<group>"; };
		04C028091D224EFC0060CD7C /* FKEditDescCell.swift */ = {isa = PBXFileReference; fileEncoding = 4; lastKnownFileType = sourcecode.swift; path = FKEditDescCell.swift; sourceTree = "<group>"; };
		04C0280A1D224EFC0060CD7C /* FKEditInputCell.swift */ = {isa = PBXFileReference; fileEncoding = 4; lastKnownFileType = sourcecode.swift; path = FKEditInputCell.swift; sourceTree = "<group>"; };
		04C0280B1D224EFC0060CD7C /* FKEditPicCell.swift */ = {isa = PBXFileReference; fileEncoding = 4; lastKnownFileType = sourcecode.swift; path = FKEditPicCell.swift; sourceTree = "<group>"; };
		04C0280C1D224EFC0060CD7C /* FKEditUpcCell.swift */ = {isa = PBXFileReference; fileEncoding = 4; lastKnownFileType = sourcecode.swift; path = FKEditUpcCell.swift; sourceTree = "<group>"; };
		04C0280D1D224EFC0060CD7C /* FKSexChooseCell.swift */ = {isa = PBXFileReference; fileEncoding = 4; lastKnownFileType = sourcecode.swift; path = FKSexChooseCell.swift; sourceTree = "<group>"; };
		04C028151D224F0A0060CD7C /* FKEditHeaderView.swift */ = {isa = PBXFileReference; fileEncoding = 4; lastKnownFileType = sourcecode.swift; path = FKEditHeaderView.swift; sourceTree = "<group>"; };
		04C028181D224FB50060CD7C /* EditViewModel.swift */ = {isa = PBXFileReference; fileEncoding = 4; lastKnownFileType = sourcecode.swift; path = EditViewModel.swift; sourceTree = "<group>"; };
		04C0281A1D2257220060CD7C /* UITableViewCell+Extension.swift */ = {isa = PBXFileReference; fileEncoding = 4; lastKnownFileType = sourcecode.swift; path = "UITableViewCell+Extension.swift"; sourceTree = "<group>"; };
		04C0281F1D2258190060CD7C /* FKScanController.swift */ = {isa = PBXFileReference; fileEncoding = 4; lastKnownFileType = sourcecode.swift; path = FKScanController.swift; sourceTree = "<group>"; };
		04C028211D2258270060CD7C /* FKScanCoverView.swift */ = {isa = PBXFileReference; fileEncoding = 4; lastKnownFileType = sourcecode.swift; path = FKScanCoverView.swift; sourceTree = "<group>"; };
		04C0282B1D227D530060CD7C /* FKEditImgContainer.swift */ = {isa = PBXFileReference; fileEncoding = 4; lastKnownFileType = sourcecode.swift; path = FKEditImgContainer.swift; sourceTree = "<group>"; };
		06E61592EBE20614F3E03F57 /* Pods-StorageApp.release.xcconfig */ = {isa = PBXFileReference; includeInIndex = 1; lastKnownFileType = text.xcconfig; name = "Pods-StorageApp.release.xcconfig"; path = "Pods/Target Support Files/Pods-StorageApp/Pods-StorageApp.release.xcconfig"; sourceTree = "<group>"; };
		0F57C8D15AF55EF3A4B57067 /* Pods-StorageAppUITests.debug.xcconfig */ = {isa = PBXFileReference; includeInIndex = 1; lastKnownFileType = text.xcconfig; name = "Pods-StorageAppUITests.debug.xcconfig"; path = "Pods/Target Support Files/Pods-StorageAppUITests/Pods-StorageAppUITests.debug.xcconfig"; sourceTree = "<group>"; };
		287305FD4034B5187F9F7754 /* Pods-StorageApp.debug.xcconfig */ = {isa = PBXFileReference; includeInIndex = 1; lastKnownFileType = text.xcconfig; name = "Pods-StorageApp.debug.xcconfig"; path = "Pods/Target Support Files/Pods-StorageApp/Pods-StorageApp.debug.xcconfig"; sourceTree = "<group>"; };
		3AD1F0977171F7E9A39F2D34 /* Pods-StorageAppUITests.release.xcconfig */ = {isa = PBXFileReference; includeInIndex = 1; lastKnownFileType = text.xcconfig; name = "Pods-StorageAppUITests.release.xcconfig"; path = "Pods/Target Support Files/Pods-StorageAppUITests/Pods-StorageAppUITests.release.xcconfig"; sourceTree = "<group>"; };
		4A3476F8C784C04C70B08018 /* Pods-StorageAppTests.debug.xcconfig */ = {isa = PBXFileReference; includeInIndex = 1; lastKnownFileType = text.xcconfig; name = "Pods-StorageAppTests.debug.xcconfig"; path = "Pods/Target Support Files/Pods-StorageAppTests/Pods-StorageAppTests.debug.xcconfig"; sourceTree = "<group>"; };
		5209EEB7120DB37DAC4DD3E1 /* Pods_StorageAppTests.framework */ = {isa = PBXFileReference; explicitFileType = wrapper.framework; includeInIndex = 0; path = Pods_StorageAppTests.framework; sourceTree = BUILT_PRODUCTS_DIR; };
		5555A8C28B0A61C296DE1B7A /* Pods_StorageAppUITests.framework */ = {isa = PBXFileReference; explicitFileType = wrapper.framework; includeInIndex = 0; path = Pods_StorageAppUITests.framework; sourceTree = BUILT_PRODUCTS_DIR; };
		7C31FD8A599DE8BA2F67955A /* Pods_StorageApp.framework */ = {isa = PBXFileReference; explicitFileType = wrapper.framework; includeInIndex = 0; path = Pods_StorageApp.framework; sourceTree = BUILT_PRODUCTS_DIR; };
		96993B5F759772FC99315CD3 /* Pods-StorageAppTests.release.xcconfig */ = {isa = PBXFileReference; includeInIndex = 1; lastKnownFileType = text.xcconfig; name = "Pods-StorageAppTests.release.xcconfig"; path = "Pods/Target Support Files/Pods-StorageAppTests/Pods-StorageAppTests.release.xcconfig"; sourceTree = "<group>"; };
		CE13DD1F1D1AA65B0072D045 /* StorageApp.app */ = {isa = PBXFileReference; explicitFileType = wrapper.application; includeInIndex = 0; path = StorageApp.app; sourceTree = BUILT_PRODUCTS_DIR; };
		CE13DD221D1AA65C0072D045 /* AppDelegate.swift */ = {isa = PBXFileReference; lastKnownFileType = sourcecode.swift; path = AppDelegate.swift; sourceTree = "<group>"; };
		CE13DD271D1AA65C0072D045 /* Base */ = {isa = PBXFileReference; lastKnownFileType = file.storyboard; name = Base; path = Base.lproj/Main.storyboard; sourceTree = "<group>"; };
		CE13DD291D1AA65C0072D045 /* Assets.xcassets */ = {isa = PBXFileReference; lastKnownFileType = folder.assetcatalog; path = Assets.xcassets; sourceTree = "<group>"; };
		CE13DD2C1D1AA65C0072D045 /* Base */ = {isa = PBXFileReference; lastKnownFileType = file.storyboard; name = Base; path = Base.lproj/LaunchScreen.storyboard; sourceTree = "<group>"; };
		CE13DD2E1D1AA65C0072D045 /* Info.plist */ = {isa = PBXFileReference; lastKnownFileType = text.plist.xml; path = Info.plist; sourceTree = "<group>"; };
		CE13DD331D1AA65C0072D045 /* StorageAppTests.xctest */ = {isa = PBXFileReference; explicitFileType = wrapper.cfbundle; includeInIndex = 0; path = StorageAppTests.xctest; sourceTree = BUILT_PRODUCTS_DIR; };
		CE13DD371D1AA65C0072D045 /* StorageAppTests.swift */ = {isa = PBXFileReference; lastKnownFileType = sourcecode.swift; path = StorageAppTests.swift; sourceTree = "<group>"; };
		CE13DD391D1AA65C0072D045 /* Info.plist */ = {isa = PBXFileReference; lastKnownFileType = text.plist.xml; path = Info.plist; sourceTree = "<group>"; };
		CE13DD3E1D1AA65C0072D045 /* StorageAppUITests.xctest */ = {isa = PBXFileReference; explicitFileType = wrapper.cfbundle; includeInIndex = 0; path = StorageAppUITests.xctest; sourceTree = BUILT_PRODUCTS_DIR; };
		CE13DD421D1AA65C0072D045 /* StorageAppUITests.swift */ = {isa = PBXFileReference; lastKnownFileType = sourcecode.swift; path = StorageAppUITests.swift; sourceTree = "<group>"; };
		CE13DD441D1AA65C0072D045 /* Info.plist */ = {isa = PBXFileReference; lastKnownFileType = text.plist.xml; path = Info.plist; sourceTree = "<group>"; };
		CE13DD711D1BBA040072D045 /* DSSProductListController.swift */ = {isa = PBXFileReference; fileEncoding = 4; lastKnownFileType = sourcecode.swift; path = DSSProductListController.swift; sourceTree = "<group>"; };
		CE13DD761D1BBAFB0072D045 /* DSSBaseViewController.swift */ = {isa = PBXFileReference; fileEncoding = 4; lastKnownFileType = sourcecode.swift; path = DSSBaseViewController.swift; sourceTree = "<group>"; };
		CE13DD7A1D1BBBE90072D045 /* DSSLoginController.swift */ = {isa = PBXFileReference; fileEncoding = 4; lastKnownFileType = sourcecode.swift; path = DSSLoginController.swift; sourceTree = "<group>"; };
		CE3DDD5C1D1BD8A1005459B6 /* DSSLoginTextInput.swift */ = {isa = PBXFileReference; fileEncoding = 4; lastKnownFileType = sourcecode.swift; path = DSSLoginTextInput.swift; sourceTree = "<group>"; };
		CE3DDD6A1D1BF4A3005459B6 /* DSSAccount.swift */ = {isa = PBXFileReference; fileEncoding = 4; lastKnownFileType = sourcecode.swift; path = DSSAccount.swift; sourceTree = "<group>"; };
		CE3DDD6E1D1C290A005459B6 /* DSSResponseHeader.swift */ = {isa = PBXFileReference; fileEncoding = 4; lastKnownFileType = sourcecode.swift; path = DSSResponseHeader.swift; sourceTree = "<group>"; };
		CE3DDD721D1C2A7F005459B6 /* DSSNetwork.swift */ = {isa = PBXFileReference; fileEncoding = 4; lastKnownFileType = sourcecode.swift; path = DSSNetwork.swift; sourceTree = "<group>"; };
		CE3DDD761D1C2A8F005459B6 /* DSSStorage.swift */ = {isa = PBXFileReference; fileEncoding = 4; lastKnownFileType = sourcecode.swift; path = DSSStorage.swift; sourceTree = "<group>"; };
		CE3DDD7A1D1CCCEE005459B6 /* DSSDataCenter.swift */ = {isa = PBXFileReference; fileEncoding = 4; lastKnownFileType = sourcecode.swift; path = DSSDataCenter.swift; sourceTree = "<group>"; };
		CEBBA7DA1D22774D00187B07 /* DSSSegmentControl.swift */ = {isa = PBXFileReference; fileEncoding = 4; lastKnownFileType = sourcecode.swift; path = DSSSegmentControl.swift; sourceTree = "<group>"; };
		CEBBA7DC1D22776100187B07 /* DSSAppearance.swift */ = {isa = PBXFileReference; fileEncoding = 4; lastKnownFileType = sourcecode.swift; path = DSSAppearance.swift; sourceTree = "<group>"; };
		CEBBA7DE1D22777600187B07 /* DSSProductListService.swift */ = {isa = PBXFileReference; fileEncoding = 4; lastKnownFileType = sourcecode.swift; path = DSSProductListService.swift; sourceTree = "<group>"; };
		CEBBA7E01D22778500187B07 /* DSSCommonDefine.swift */ = {isa = PBXFileReference; fileEncoding = 4; lastKnownFileType = sourcecode.swift; path = DSSCommonDefine.swift; sourceTree = "<group>"; };
		CEBBA7E21D2277A600187B07 /* DSSColor+Extension.swift */ = {isa = PBXFileReference; fileEncoding = 4; lastKnownFileType = sourcecode.swift; path = "DSSColor+Extension.swift"; sourceTree = "<group>"; };
		CEBBA8011D23AF5F00187B07 /* DSSProductListCell.swift */ = {isa = PBXFileReference; fileEncoding = 4; lastKnownFileType = sourcecode.swift; path = DSSProductListCell.swift; sourceTree = "<group>"; };
		CEBBA8021D23AF5F00187B07 /* DSSProductListModel.swift */ = {isa = PBXFileReference; fileEncoding = 4; lastKnownFileType = sourcecode.swift; path = DSSProductListModel.swift; sourceTree = "<group>"; };
		CEBBA8031D23AF5F00187B07 /* DSSProductListViewModel.swift */ = {isa = PBXFileReference; fileEncoding = 4; lastKnownFileType = sourcecode.swift; path = DSSProductListViewModel.swift; sourceTree = "<group>"; };
		CEBBA8071D23AF6700187B07 /* DSSImage+ViewExtension.swift */ = {isa = PBXFileReference; fileEncoding = 4; lastKnownFileType = sourcecode.swift; path = "DSSImage+ViewExtension.swift"; sourceTree = "<group>"; };
		CEBBA8081D23AF6700187B07 /* DSSInt+Extension.swift */ = {isa = PBXFileReference; fileEncoding = 4; lastKnownFileType = sourcecode.swift; path = "DSSInt+Extension.swift"; sourceTree = "<group>"; };
		CEBBA8091D23AF6700187B07 /* DSSString+Extension.swift */ = {isa = PBXFileReference; fileEncoding = 4; lastKnownFileType = sourcecode.swift; path = "DSSString+Extension.swift"; sourceTree = "<group>"; };
		CEF0CAE21D1D0EE0003C5357 /* DSSServer.swift */ = {isa = PBXFileReference; fileEncoding = 4; lastKnownFileType = sourcecode.swift; path = DSSServer.swift; sourceTree = "<group>"; };
		CEF0CAE61D1D12DE003C5357 /* DSSRequestHeader.swift */ = {isa = PBXFileReference; fileEncoding = 4; lastKnownFileType = sourcecode.swift; path = DSSRequestHeader.swift; sourceTree = "<group>"; };
		CEF0CAEA1D1D1CB8003C5357 /* DSSLoginService.swift */ = {isa = PBXFileReference; fileEncoding = 4; lastKnownFileType = sourcecode.swift; path = DSSLoginService.swift; sourceTree = "<group>"; };
		CEF0CAF41D1D31CA003C5357 /* DSSDictionary+Extension.swift */ = {isa = PBXFileReference; fileEncoding = 4; lastKnownFileType = sourcecode.swift; path = "DSSDictionary+Extension.swift"; sourceTree = "<group>"; };
/* End PBXFileReference section */

/* Begin PBXFrameworksBuildPhase section */
		CE13DD1C1D1AA65B0072D045 /* Frameworks */ = {
			isa = PBXFrameworksBuildPhase;
			buildActionMask = 2147483647;
			files = (
				B2E38D1E4BF0E3D09266E721 /* Pods_StorageApp.framework in Frameworks */,
			);
			runOnlyForDeploymentPostprocessing = 0;
		};
		CE13DD301D1AA65C0072D045 /* Frameworks */ = {
			isa = PBXFrameworksBuildPhase;
			buildActionMask = 2147483647;
			files = (
				FF1C13106CF47C6ECEF382FF /* Pods_StorageAppTests.framework in Frameworks */,
			);
			runOnlyForDeploymentPostprocessing = 0;
		};
		CE13DD3B1D1AA65C0072D045 /* Frameworks */ = {
			isa = PBXFrameworksBuildPhase;
			buildActionMask = 2147483647;
			files = (
				E2DE87AEEA7CC9EA01119BD2 /* Pods_StorageAppUITests.framework in Frameworks */,
			);
			runOnlyForDeploymentPostprocessing = 0;
		};
/* End PBXFrameworksBuildPhase section */

/* Begin PBXGroup section */
		04C028011D224E910060CD7C /* EditProduct */ = {
			isa = PBXGroup;
			children = (
				04C028171D224F9C0060CD7C /* ViewModel */,
				04C028031D224EC00060CD7C /* Controller */,
				04C028021D224EC00060CD7C /* Cell */,
				04C028041D224EC00060CD7C /* View */,
			);
			path = EditProduct;
			sourceTree = "<group>";
		};
		04C028021D224EC00060CD7C /* Cell */ = {
			isa = PBXGroup;
			children = (
				04C028091D224EFC0060CD7C /* FKEditDescCell.swift */,
				04C0280A1D224EFC0060CD7C /* FKEditInputCell.swift */,
				04C0280B1D224EFC0060CD7C /* FKEditPicCell.swift */,
				04C0280C1D224EFC0060CD7C /* FKEditUpcCell.swift */,
				04C0280D1D224EFC0060CD7C /* FKSexChooseCell.swift */,
			);
			path = Cell;
			sourceTree = "<group>";
		};
		04C028031D224EC00060CD7C /* Controller */ = {
			isa = PBXGroup;
			children = (
				04C028051D224EDF0060CD7C /* EditViewController.swift */,
			);
			path = Controller;
			sourceTree = "<group>";
		};
		04C028041D224EC00060CD7C /* View */ = {
			isa = PBXGroup;
			children = (
				04C028151D224F0A0060CD7C /* FKEditHeaderView.swift */,
				04C0282B1D227D530060CD7C /* FKEditImgContainer.swift */,
			);
			path = View;
			sourceTree = "<group>";
		};
		04C028171D224F9C0060CD7C /* ViewModel */ = {
			isa = PBXGroup;
			children = (
				04C028181D224FB50060CD7C /* EditViewModel.swift */,
			);
			path = ViewModel;
			sourceTree = "<group>";
		};
		04C0281C1D2257E90060CD7C /* Scan */ = {
			isa = PBXGroup;
			children = (
				04C0281D1D2257E90060CD7C /* Controller */,
				04C0281E1D2257E90060CD7C /* View */,
			);
			path = Scan;
			sourceTree = "<group>";
		};
		04C0281D1D2257E90060CD7C /* Controller */ = {
			isa = PBXGroup;
			children = (
				04C0281F1D2258190060CD7C /* FKScanController.swift */,
			);
			path = Controller;
			sourceTree = "<group>";
		};
		04C0281E1D2257E90060CD7C /* View */ = {
			isa = PBXGroup;
			children = (
				04C028211D2258270060CD7C /* FKScanCoverView.swift */,
			);
			path = View;
			sourceTree = "<group>";
		};
		5DD4ED11130CB453C75C1CE7 /* Pods */ = {
			isa = PBXGroup;
			children = (
				287305FD4034B5187F9F7754 /* Pods-StorageApp.debug.xcconfig */,
				06E61592EBE20614F3E03F57 /* Pods-StorageApp.release.xcconfig */,
				4A3476F8C784C04C70B08018 /* Pods-StorageAppTests.debug.xcconfig */,
				96993B5F759772FC99315CD3 /* Pods-StorageAppTests.release.xcconfig */,
				0F57C8D15AF55EF3A4B57067 /* Pods-StorageAppUITests.debug.xcconfig */,
				3AD1F0977171F7E9A39F2D34 /* Pods-StorageAppUITests.release.xcconfig */,
			);
			name = Pods;
			sourceTree = "<group>";
		};
		666FFEFE3B7C6269301811FC /* Frameworks */ = {
			isa = PBXGroup;
			children = (
				7C31FD8A599DE8BA2F67955A /* Pods_StorageApp.framework */,
				5209EEB7120DB37DAC4DD3E1 /* Pods_StorageAppTests.framework */,
				5555A8C28B0A61C296DE1B7A /* Pods_StorageAppUITests.framework */,
			);
			name = Frameworks;
			sourceTree = "<group>";
		};
		CE13DD161D1AA65B0072D045 = {
			isa = PBXGroup;
			children = (
				CE13DD211D1AA65B0072D045 /* StorageApp */,
				CE13DD361D1AA65C0072D045 /* StorageAppTests */,
				CE13DD411D1AA65C0072D045 /* StorageAppUITests */,
				CE13DD201D1AA65B0072D045 /* Products */,
				5DD4ED11130CB453C75C1CE7 /* Pods */,
				666FFEFE3B7C6269301811FC /* Frameworks */,
			);
			sourceTree = "<group>";
		};
		CE13DD201D1AA65B0072D045 /* Products */ = {
			isa = PBXGroup;
			children = (
				CE13DD1F1D1AA65B0072D045 /* StorageApp.app */,
				CE13DD331D1AA65C0072D045 /* StorageAppTests.xctest */,
				CE13DD3E1D1AA65C0072D045 /* StorageAppUITests.xctest */,
			);
			name = Products;
			sourceTree = "<group>";
		};
		CE13DD211D1AA65B0072D045 /* StorageApp */ = {
			isa = PBXGroup;
			children = (
				CE13DD2E1D1AA65C0072D045 /* Info.plist */,
				CE13DD261D1AA65C0072D045 /* Main.storyboard */,
				CE13DD2B1D1AA65C0072D045 /* LaunchScreen.storyboard */,
				CE13DD221D1AA65C0072D045 /* AppDelegate.swift */,
				CE13DD581D1B87CA0072D045 /* Business */,
				CE13DD5D1D1B87CA0072D045 /* UIComponent */,
				CE13DD5A1D1B87CA0072D045 /* DataCenter */,
				CEF0CAF31D1D313E003C5357 /* Extension */,
				CE3DDD491D1BC088005459B6 /* Define */,
				CE3DDD651D1BF299005459B6 /* Infrastructure */,
				CE13DD5F1D1B87CA0072D045 /* Vendor */,
				CE13DD291D1AA65C0072D045 /* Assets.xcassets */,
			);
			path = StorageApp;
			sourceTree = "<group>";
		};
		CE13DD361D1AA65C0072D045 /* StorageAppTests */ = {
			isa = PBXGroup;
			children = (
				CE13DD371D1AA65C0072D045 /* StorageAppTests.swift */,
				CE13DD391D1AA65C0072D045 /* Info.plist */,
			);
			path = StorageAppTests;
			sourceTree = "<group>";
		};
		CE13DD411D1AA65C0072D045 /* StorageAppUITests */ = {
			isa = PBXGroup;
			children = (
				CE13DD421D1AA65C0072D045 /* StorageAppUITests.swift */,
				CE13DD441D1AA65C0072D045 /* Info.plist */,
			);
			path = StorageAppUITests;
			sourceTree = "<group>";
		};
		CE13DD581D1B87CA0072D045 /* Business */ = {
			isa = PBXGroup;
			children = (
				04C0281C1D2257E90060CD7C /* Scan */,
				04C028011D224E910060CD7C /* EditProduct */,
				CE13DD731D1BBA4E0072D045 /* Login */,
				CE13DD701D1BBA040072D045 /* ProductList */,
			);
			path = Business;
			sourceTree = "<group>";
		};
		CE13DD5A1D1B87CA0072D045 /* DataCenter */ = {
			isa = PBXGroup;
			children = (
				CE3DDD7A1D1CCCEE005459B6 /* DSSDataCenter.swift */,
				CE13DD5B1D1B87CA0072D045 /* Network */,
				CE13DD5C1D1B87CA0072D045 /* Storage */,
			);
			path = DataCenter;
			sourceTree = "<group>";
		};
		CE13DD5B1D1B87CA0072D045 /* Network */ = {
			isa = PBXGroup;
			children = (
				CE3DDD721D1C2A7F005459B6 /* DSSNetwork.swift */,
			);
			path = Network;
			sourceTree = "<group>";
		};
		CE13DD5C1D1B87CA0072D045 /* Storage */ = {
			isa = PBXGroup;
			children = (
				CE3DDD761D1C2A8F005459B6 /* DSSStorage.swift */,
			);
			path = Storage;
			sourceTree = "<group>";
		};
		CE13DD5D1D1B87CA0072D045 /* UIComponent */ = {
			isa = PBXGroup;
			children = (
				CE13DD751D1BBA840072D045 /* BaseController */,
				CE3DDD5B1D1BD8A1005459B6 /* LoginInput */,
				CEBBA7D91D22774D00187B07 /* SegmentControl */,
			);
			path = UIComponent;
			sourceTree = "<group>";
		};
		CE13DD5F1D1B87CA0072D045 /* Vendor */ = {
			isa = PBXGroup;
			children = (
			);
			path = Vendor;
			sourceTree = "<group>";
		};
		CE13DD701D1BBA040072D045 /* ProductList */ = {
			isa = PBXGroup;
			children = (
				CE13DD711D1BBA040072D045 /* DSSProductListController.swift */,
				CEBBA7DE1D22777600187B07 /* DSSProductListService.swift */,
				CEBBA8011D23AF5F00187B07 /* DSSProductListCell.swift */,
				CEBBA8021D23AF5F00187B07 /* DSSProductListModel.swift */,
				CEBBA8031D23AF5F00187B07 /* DSSProductListViewModel.swift */,
			);
			path = ProductList;
			sourceTree = "<group>";
		};
		CE13DD731D1BBA4E0072D045 /* Login */ = {
			isa = PBXGroup;
			children = (
				CE13DD7A1D1BBBE90072D045 /* DSSLoginController.swift */,
				CEF0CAEA1D1D1CB8003C5357 /* DSSLoginService.swift */,
			);
			path = Login;
			sourceTree = "<group>";
		};
		CE13DD751D1BBA840072D045 /* BaseController */ = {
			isa = PBXGroup;
			children = (
				CE13DD761D1BBAFB0072D045 /* DSSBaseViewController.swift */,
			);
			path = BaseController;
			sourceTree = "<group>";
		};
		CE3DDD491D1BC088005459B6 /* Define */ = {
			isa = PBXGroup;
			children = (
				CEBBA7E01D22778500187B07 /* DSSCommonDefine.swift */,
			);
			path = Define;
			sourceTree = "<group>";
		};
		CE3DDD5B1D1BD8A1005459B6 /* LoginInput */ = {
			isa = PBXGroup;
			children = (
				CE3DDD5C1D1BD8A1005459B6 /* DSSLoginTextInput.swift */,
			);
			path = LoginInput;
			sourceTree = "<group>";
		};
		CE3DDD651D1BF299005459B6 /* Infrastructure */ = {
			isa = PBXGroup;
			children = (
				CE3DDD691D1BF483005459B6 /* Server */,
				CE3DDD661D1BF483005459B6 /* Account */,
				CE3DDD681D1BF483005459B6 /* Header */,
				CE3DDD671D1BF483005459B6 /* Appearance */,
			);
			path = Infrastructure;
			sourceTree = "<group>";
		};
		CE3DDD661D1BF483005459B6 /* Account */ = {
			isa = PBXGroup;
			children = (
				CE3DDD6A1D1BF4A3005459B6 /* DSSAccount.swift */,
			);
			path = Account;
			sourceTree = "<group>";
		};
		CE3DDD671D1BF483005459B6 /* Appearance */ = {
			isa = PBXGroup;
			children = (
				CEBBA7DC1D22776100187B07 /* DSSAppearance.swift */,
			);
			path = Appearance;
			sourceTree = "<group>";
		};
		CE3DDD681D1BF483005459B6 /* Header */ = {
			isa = PBXGroup;
			children = (
				CEF0CAE61D1D12DE003C5357 /* DSSRequestHeader.swift */,
				CE3DDD6E1D1C290A005459B6 /* DSSResponseHeader.swift */,
			);
			path = Header;
			sourceTree = "<group>";
		};
		CE3DDD691D1BF483005459B6 /* Server */ = {
			isa = PBXGroup;
			children = (
				CEF0CAE21D1D0EE0003C5357 /* DSSServer.swift */,
			);
			path = Server;
			sourceTree = "<group>";
		};
		CEBBA7D91D22774D00187B07 /* SegmentControl */ = {
			isa = PBXGroup;
			children = (
				CEBBA7DA1D22774D00187B07 /* DSSSegmentControl.swift */,
			);
			path = SegmentControl;
			sourceTree = "<group>";
		};
		CEF0CAF31D1D313E003C5357 /* Extension */ = {
			isa = PBXGroup;
			children = (
				04C0281A1D2257220060CD7C /* UITableViewCell+Extension.swift */,
				04805D721D239A6200CA12CE /* DSSUIImage+Extension.swift */,
				CEF0CAF41D1D31CA003C5357 /* DSSDictionary+Extension.swift */,
				CEBBA7E21D2277A600187B07 /* DSSColor+Extension.swift */,
				CEBBA8071D23AF6700187B07 /* DSSImage+ViewExtension.swift */,
				CEBBA8081D23AF6700187B07 /* DSSInt+Extension.swift */,
				CEBBA8091D23AF6700187B07 /* DSSString+Extension.swift */,
			);
			path = Extension;
			sourceTree = "<group>";
		};
/* End PBXGroup section */

/* Begin PBXNativeTarget section */
		CE13DD1E1D1AA65B0072D045 /* StorageApp */ = {
			isa = PBXNativeTarget;
			buildConfigurationList = CE13DD471D1AA65C0072D045 /* Build configuration list for PBXNativeTarget "StorageApp" */;
			buildPhases = (
				D064C39FFD48246DCDB3009B /* Check Pods Manifest.lock */,
				CE13DD1B1D1AA65B0072D045 /* Sources */,
				CE13DD1C1D1AA65B0072D045 /* Frameworks */,
				CE13DD1D1D1AA65B0072D045 /* Resources */,
				2632AFBCD3C3F4002A798703 /* Embed Pods Frameworks */,
				EB02A0F3A9700C6A0B63147A /* Copy Pods Resources */,
			);
			buildRules = (
			);
			dependencies = (
			);
			name = StorageApp;
			productName = StorageApp;
			productReference = CE13DD1F1D1AA65B0072D045 /* StorageApp.app */;
			productType = "com.apple.product-type.application";
		};
		CE13DD321D1AA65C0072D045 /* StorageAppTests */ = {
			isa = PBXNativeTarget;
			buildConfigurationList = CE13DD4A1D1AA65C0072D045 /* Build configuration list for PBXNativeTarget "StorageAppTests" */;
			buildPhases = (
				274D3FC9978BD4278BE7D6D0 /* Check Pods Manifest.lock */,
				CE13DD2F1D1AA65C0072D045 /* Sources */,
				CE13DD301D1AA65C0072D045 /* Frameworks */,
				CE13DD311D1AA65C0072D045 /* Resources */,
				E75DFBC542427DF13B47B9F0 /* Embed Pods Frameworks */,
				38E89D956AB9F2CCE6743D8E /* Copy Pods Resources */,
			);
			buildRules = (
			);
			dependencies = (
				CE13DD351D1AA65C0072D045 /* PBXTargetDependency */,
			);
			name = StorageAppTests;
			productName = StorageAppTests;
			productReference = CE13DD331D1AA65C0072D045 /* StorageAppTests.xctest */;
			productType = "com.apple.product-type.bundle.unit-test";
		};
		CE13DD3D1D1AA65C0072D045 /* StorageAppUITests */ = {
			isa = PBXNativeTarget;
			buildConfigurationList = CE13DD4D1D1AA65C0072D045 /* Build configuration list for PBXNativeTarget "StorageAppUITests" */;
			buildPhases = (
				42EA384A6E88D0EC77F7AEE1 /* Check Pods Manifest.lock */,
				CE13DD3A1D1AA65C0072D045 /* Sources */,
				CE13DD3B1D1AA65C0072D045 /* Frameworks */,
				CE13DD3C1D1AA65C0072D045 /* Resources */,
				67C9819884287FDA02175D03 /* Copy Pods Resources */,
			);
			buildRules = (
			);
			dependencies = (
				CE13DD401D1AA65C0072D045 /* PBXTargetDependency */,
			);
			name = StorageAppUITests;
			productName = StorageAppUITests;
			productReference = CE13DD3E1D1AA65C0072D045 /* StorageAppUITests.xctest */;
			productType = "com.apple.product-type.bundle.ui-testing";
		};
/* End PBXNativeTarget section */

/* Begin PBXProject section */
		CE13DD171D1AA65B0072D045 /* Project object */ = {
			isa = PBXProject;
			attributes = {
				LastSwiftUpdateCheck = 0730;
				LastUpgradeCheck = 0730;
				ORGANIZATIONNAME = DSB;
				TargetAttributes = {
					CE13DD1E1D1AA65B0072D045 = {
						CreatedOnToolsVersion = 7.3;
					};
					CE13DD321D1AA65C0072D045 = {
						CreatedOnToolsVersion = 7.3;
						TestTargetID = CE13DD1E1D1AA65B0072D045;
					};
					CE13DD3D1D1AA65C0072D045 = {
						CreatedOnToolsVersion = 7.3;
						TestTargetID = CE13DD1E1D1AA65B0072D045;
					};
				};
			};
			buildConfigurationList = CE13DD1A1D1AA65B0072D045 /* Build configuration list for PBXProject "StorageApp" */;
			compatibilityVersion = "Xcode 3.2";
			developmentRegion = English;
			hasScannedForEncodings = 0;
			knownRegions = (
				en,
				Base,
			);
			mainGroup = CE13DD161D1AA65B0072D045;
			productRefGroup = CE13DD201D1AA65B0072D045 /* Products */;
			projectDirPath = "";
			projectRoot = "";
			targets = (
				CE13DD1E1D1AA65B0072D045 /* StorageApp */,
				CE13DD321D1AA65C0072D045 /* StorageAppTests */,
				CE13DD3D1D1AA65C0072D045 /* StorageAppUITests */,
			);
		};
/* End PBXProject section */

/* Begin PBXResourcesBuildPhase section */
		CE13DD1D1D1AA65B0072D045 /* Resources */ = {
			isa = PBXResourcesBuildPhase;
			buildActionMask = 2147483647;
			files = (
				CE13DD2D1D1AA65C0072D045 /* LaunchScreen.storyboard in Resources */,
				CE13DD2A1D1AA65C0072D045 /* Assets.xcassets in Resources */,
				CE13DD281D1AA65C0072D045 /* Main.storyboard in Resources */,
			);
			runOnlyForDeploymentPostprocessing = 0;
		};
		CE13DD311D1AA65C0072D045 /* Resources */ = {
			isa = PBXResourcesBuildPhase;
			buildActionMask = 2147483647;
			files = (
			);
			runOnlyForDeploymentPostprocessing = 0;
		};
		CE13DD3C1D1AA65C0072D045 /* Resources */ = {
			isa = PBXResourcesBuildPhase;
			buildActionMask = 2147483647;
			files = (
			);
			runOnlyForDeploymentPostprocessing = 0;
		};
/* End PBXResourcesBuildPhase section */

/* Begin PBXShellScriptBuildPhase section */
		2632AFBCD3C3F4002A798703 /* Embed Pods Frameworks */ = {
			isa = PBXShellScriptBuildPhase;
			buildActionMask = 2147483647;
			files = (
			);
			inputPaths = (
			);
			name = "Embed Pods Frameworks";
			outputPaths = (
			);
			runOnlyForDeploymentPostprocessing = 0;
			shellPath = /bin/sh;
			shellScript = "\"${SRCROOT}/Pods/Target Support Files/Pods-StorageApp/Pods-StorageApp-frameworks.sh\"\n";
			showEnvVarsInLog = 0;
		};
		274D3FC9978BD4278BE7D6D0 /* Check Pods Manifest.lock */ = {
			isa = PBXShellScriptBuildPhase;
			buildActionMask = 2147483647;
			files = (
			);
			inputPaths = (
			);
			name = "Check Pods Manifest.lock";
			outputPaths = (
			);
			runOnlyForDeploymentPostprocessing = 0;
			shellPath = /bin/sh;
			shellScript = "diff \"${PODS_ROOT}/../Podfile.lock\" \"${PODS_ROOT}/Manifest.lock\" > /dev/null\nif [[ $? != 0 ]] ; then\n    cat << EOM\nerror: The sandbox is not in sync with the Podfile.lock. Run 'pod install' or update your CocoaPods installation.\nEOM\n    exit 1\nfi\n";
			showEnvVarsInLog = 0;
		};
		38E89D956AB9F2CCE6743D8E /* Copy Pods Resources */ = {
			isa = PBXShellScriptBuildPhase;
			buildActionMask = 2147483647;
			files = (
			);
			inputPaths = (
			);
			name = "Copy Pods Resources";
			outputPaths = (
			);
			runOnlyForDeploymentPostprocessing = 0;
			shellPath = /bin/sh;
			shellScript = "\"${SRCROOT}/Pods/Target Support Files/Pods-StorageAppTests/Pods-StorageAppTests-resources.sh\"\n";
			showEnvVarsInLog = 0;
		};
		42EA384A6E88D0EC77F7AEE1 /* Check Pods Manifest.lock */ = {
			isa = PBXShellScriptBuildPhase;
			buildActionMask = 2147483647;
			files = (
			);
			inputPaths = (
			);
			name = "Check Pods Manifest.lock";
			outputPaths = (
			);
			runOnlyForDeploymentPostprocessing = 0;
			shellPath = /bin/sh;
			shellScript = "diff \"${PODS_ROOT}/../Podfile.lock\" \"${PODS_ROOT}/Manifest.lock\" > /dev/null\nif [[ $? != 0 ]] ; then\n    cat << EOM\nerror: The sandbox is not in sync with the Podfile.lock. Run 'pod install' or update your CocoaPods installation.\nEOM\n    exit 1\nfi\n";
			showEnvVarsInLog = 0;
		};
		67C9819884287FDA02175D03 /* Copy Pods Resources */ = {
			isa = PBXShellScriptBuildPhase;
			buildActionMask = 2147483647;
			files = (
			);
			inputPaths = (
			);
			name = "Copy Pods Resources";
			outputPaths = (
			);
			runOnlyForDeploymentPostprocessing = 0;
			shellPath = /bin/sh;
			shellScript = "\"${SRCROOT}/Pods/Target Support Files/Pods-StorageAppUITests/Pods-StorageAppUITests-resources.sh\"\n";
			showEnvVarsInLog = 0;
		};
		D064C39FFD48246DCDB3009B /* Check Pods Manifest.lock */ = {
			isa = PBXShellScriptBuildPhase;
			buildActionMask = 2147483647;
			files = (
			);
			inputPaths = (
			);
			name = "Check Pods Manifest.lock";
			outputPaths = (
			);
			runOnlyForDeploymentPostprocessing = 0;
			shellPath = /bin/sh;
			shellScript = "diff \"${PODS_ROOT}/../Podfile.lock\" \"${PODS_ROOT}/Manifest.lock\" > /dev/null\nif [[ $? != 0 ]] ; then\n    cat << EOM\nerror: The sandbox is not in sync with the Podfile.lock. Run 'pod install' or update your CocoaPods installation.\nEOM\n    exit 1\nfi\n";
			showEnvVarsInLog = 0;
		};
		E75DFBC542427DF13B47B9F0 /* Embed Pods Frameworks */ = {
			isa = PBXShellScriptBuildPhase;
			buildActionMask = 2147483647;
			files = (
			);
			inputPaths = (
			);
			name = "Embed Pods Frameworks";
			outputPaths = (
			);
			runOnlyForDeploymentPostprocessing = 0;
			shellPath = /bin/sh;
			shellScript = "\"${SRCROOT}/Pods/Target Support Files/Pods-StorageAppTests/Pods-StorageAppTests-frameworks.sh\"\n";
			showEnvVarsInLog = 0;
		};
		EB02A0F3A9700C6A0B63147A /* Copy Pods Resources */ = {
			isa = PBXShellScriptBuildPhase;
			buildActionMask = 2147483647;
			files = (
			);
			inputPaths = (
			);
			name = "Copy Pods Resources";
			outputPaths = (
			);
			runOnlyForDeploymentPostprocessing = 0;
			shellPath = /bin/sh;
			shellScript = "\"${SRCROOT}/Pods/Target Support Files/Pods-StorageApp/Pods-StorageApp-resources.sh\"\n";
			showEnvVarsInLog = 0;
		};
/* End PBXShellScriptBuildPhase section */

/* Begin PBXSourcesBuildPhase section */
		CE13DD1B1D1AA65B0072D045 /* Sources */ = {
			isa = PBXSourcesBuildPhase;
			buildActionMask = 2147483647;
			files = (
				04C028221D2258270060CD7C /* FKScanCoverView.swift in Sources */,
				CEBBA80C1D23AF6700187B07 /* DSSString+Extension.swift in Sources */,
				CE13DD7B1D1BBBE90072D045 /* DSSLoginController.swift in Sources */,
				CEF0CAE71D1D12DE003C5357 /* DSSRequestHeader.swift in Sources */,
				CEBBA8061D23AF5F00187B07 /* DSSProductListViewModel.swift in Sources */,
				CE3DDD6F1D1C290A005459B6 /* DSSResponseHeader.swift in Sources */,
				CEBBA7DD1D22776100187B07 /* DSSAppearance.swift in Sources */,
				04C028201D2258190060CD7C /* FKScanController.swift in Sources */,
				CEBBA8051D23AF5F00187B07 /* DSSProductListModel.swift in Sources */,
				CE13DD721D1BBA040072D045 /* DSSProductListController.swift in Sources */,
				CE13DD771D1BBAFB0072D045 /* DSSBaseViewController.swift in Sources */,
				04C028131D224EFC0060CD7C /* FKEditUpcCell.swift in Sources */,
				04C028101D224EFC0060CD7C /* FKEditDescCell.swift in Sources */,
				04C0282C1D227D530060CD7C /* FKEditImgContainer.swift in Sources */,
				04C028061D224EDF0060CD7C /* EditViewController.swift in Sources */,
				04C028191D224FB50060CD7C /* EditViewModel.swift in Sources */,
				CE13DD231D1AA65C0072D045 /* AppDelegate.swift in Sources */,
				CE3DDD6B1D1BF4A3005459B6 /* DSSAccount.swift in Sources */,
				04C028121D224EFC0060CD7C /* FKEditPicCell.swift in Sources */,
				04C028111D224EFC0060CD7C /* FKEditInputCell.swift in Sources */,
				CEBBA7E11D22778500187B07 /* DSSCommonDefine.swift in Sources */,
				CE3DDD5D1D1BD8A1005459B6 /* DSSLoginTextInput.swift in Sources */,
				CE3DDD7B1D1CCCEE005459B6 /* DSSDataCenter.swift in Sources */,
				CEBBA7DF1D22777600187B07 /* DSSProductListService.swift in Sources */,
				CEBBA80A1D23AF6700187B07 /* DSSImage+ViewExtension.swift in Sources */,
				CEF0CAE31D1D0EE0003C5357 /* DSSServer.swift in Sources */,
				CEBBA8041D23AF5F00187B07 /* DSSProductListCell.swift in Sources */,
				CEF0CAEB1D1D1CB8003C5357 /* DSSLoginService.swift in Sources */,
				CEBBA80B1D23AF6700187B07 /* DSSInt+Extension.swift in Sources */,
				CE3DDD771D1C2A8F005459B6 /* DSSStorage.swift in Sources */,
				04C028161D224F0A0060CD7C /* FKEditHeaderView.swift in Sources */,
				CEF0CAF51D1D31CA003C5357 /* DSSDictionary+Extension.swift in Sources */,
				CEBBA7DB1D22774D00187B07 /* DSSSegmentControl.swift in Sources */,
				04805D731D239A6200CA12CE /* DSSUIImage+Extension.swift in Sources */,
				04C0281B1D2257220060CD7C /* UITableViewCell+Extension.swift in Sources */,
				04C028141D224EFC0060CD7C /* FKSexChooseCell.swift in Sources */,
				CE3DDD731D1C2A7F005459B6 /* DSSNetwork.swift in Sources */,
				CEBBA7E31D2277A600187B07 /* DSSColor+Extension.swift in Sources */,
			);
			runOnlyForDeploymentPostprocessing = 0;
		};
		CE13DD2F1D1AA65C0072D045 /* Sources */ = {
			isa = PBXSourcesBuildPhase;
			buildActionMask = 2147483647;
			files = (
				CEF0CAEC1D1D1CB8003C5357 /* DSSLoginService.swift in Sources */,
				CEF0CAE81D1D12DE003C5357 /* DSSRequestHeader.swift in Sources */,
				CE13DD781D1BBAFB0072D045 /* DSSBaseViewController.swift in Sources */,
				CEF0CAE41D1D0EE0003C5357 /* DSSServer.swift in Sources */,
				CE3DDD7C1D1CCCEE005459B6 /* DSSDataCenter.swift in Sources */,
				CE13DD7C1D1BBBE90072D045 /* DSSLoginController.swift in Sources */,
				CE3DDD781D1C2A8F005459B6 /* DSSStorage.swift in Sources */,
				CE3DDD741D1C2A7F005459B6 /* DSSNetwork.swift in Sources */,
				CE3DDD6C1D1BF4A3005459B6 /* DSSAccount.swift in Sources */,
				CE3DDD5E1D1BD8A1005459B6 /* DSSLoginTextInput.swift in Sources */,
				CE3DDD701D1C290A005459B6 /* DSSResponseHeader.swift in Sources */,
				CE13DD381D1AA65C0072D045 /* StorageAppTests.swift in Sources */,
				CEF0CAF61D1D31CA003C5357 /* DSSDictionary+Extension.swift in Sources */,
			);
			runOnlyForDeploymentPostprocessing = 0;
		};
		CE13DD3A1D1AA65C0072D045 /* Sources */ = {
			isa = PBXSourcesBuildPhase;
			buildActionMask = 2147483647;
			files = (
				CEF0CAED1D1D1CB8003C5357 /* DSSLoginService.swift in Sources */,
				CEF0CAE91D1D12DE003C5357 /* DSSRequestHeader.swift in Sources */,
				CE13DD791D1BBAFB0072D045 /* DSSBaseViewController.swift in Sources */,
				CEF0CAE51D1D0EE0003C5357 /* DSSServer.swift in Sources */,
				CE3DDD7D1D1CCCEE005459B6 /* DSSDataCenter.swift in Sources */,
				CE13DD7D1D1BBBE90072D045 /* DSSLoginController.swift in Sources */,
				CE3DDD791D1C2A8F005459B6 /* DSSStorage.swift in Sources */,
				CE3DDD751D1C2A7F005459B6 /* DSSNetwork.swift in Sources */,
				CE3DDD6D1D1BF4A3005459B6 /* DSSAccount.swift in Sources */,
				CE3DDD5F1D1BD8A1005459B6 /* DSSLoginTextInput.swift in Sources */,
				CE3DDD711D1C290A005459B6 /* DSSResponseHeader.swift in Sources */,
				CE13DD431D1AA65C0072D045 /* StorageAppUITests.swift in Sources */,
				CEF0CAF71D1D31CA003C5357 /* DSSDictionary+Extension.swift in Sources */,
			);
			runOnlyForDeploymentPostprocessing = 0;
		};
/* End PBXSourcesBuildPhase section */

/* Begin PBXTargetDependency section */
		CE13DD351D1AA65C0072D045 /* PBXTargetDependency */ = {
			isa = PBXTargetDependency;
			target = CE13DD1E1D1AA65B0072D045 /* StorageApp */;
			targetProxy = CE13DD341D1AA65C0072D045 /* PBXContainerItemProxy */;
		};
		CE13DD401D1AA65C0072D045 /* PBXTargetDependency */ = {
			isa = PBXTargetDependency;
			target = CE13DD1E1D1AA65B0072D045 /* StorageApp */;
			targetProxy = CE13DD3F1D1AA65C0072D045 /* PBXContainerItemProxy */;
		};
/* End PBXTargetDependency section */

/* Begin PBXVariantGroup section */
		CE13DD261D1AA65C0072D045 /* Main.storyboard */ = {
			isa = PBXVariantGroup;
			children = (
				CE13DD271D1AA65C0072D045 /* Base */,
			);
			name = Main.storyboard;
			sourceTree = "<group>";
		};
		CE13DD2B1D1AA65C0072D045 /* LaunchScreen.storyboard */ = {
			isa = PBXVariantGroup;
			children = (
				CE13DD2C1D1AA65C0072D045 /* Base */,
			);
			name = LaunchScreen.storyboard;
			sourceTree = "<group>";
		};
/* End PBXVariantGroup section */

/* Begin XCBuildConfiguration section */
		CE13DD451D1AA65C0072D045 /* Debug */ = {
			isa = XCBuildConfiguration;
			buildSettings = {
				ALWAYS_SEARCH_USER_PATHS = NO;
				CLANG_ANALYZER_NONNULL = YES;
				CLANG_CXX_LANGUAGE_STANDARD = "gnu++0x";
				CLANG_CXX_LIBRARY = "libc++";
				CLANG_ENABLE_MODULES = YES;
				CLANG_ENABLE_OBJC_ARC = YES;
				CLANG_WARN_BOOL_CONVERSION = YES;
				CLANG_WARN_CONSTANT_CONVERSION = YES;
				CLANG_WARN_DIRECT_OBJC_ISA_USAGE = YES_ERROR;
				CLANG_WARN_EMPTY_BODY = YES;
				CLANG_WARN_ENUM_CONVERSION = YES;
				CLANG_WARN_INT_CONVERSION = YES;
				CLANG_WARN_OBJC_ROOT_CLASS = YES_ERROR;
				CLANG_WARN_UNREACHABLE_CODE = YES;
				CLANG_WARN__DUPLICATE_METHOD_MATCH = YES;
				"CODE_SIGN_IDENTITY[sdk=iphoneos*]" = "iPhone Developer";
				COPY_PHASE_STRIP = NO;
				DEBUG_INFORMATION_FORMAT = dwarf;
				ENABLE_STRICT_OBJC_MSGSEND = YES;
				ENABLE_TESTABILITY = YES;
				GCC_C_LANGUAGE_STANDARD = gnu99;
				GCC_DYNAMIC_NO_PIC = NO;
				GCC_NO_COMMON_BLOCKS = YES;
				GCC_OPTIMIZATION_LEVEL = 0;
				GCC_PREPROCESSOR_DEFINITIONS = (
					"DEBUG=1",
					"$(inherited)",
				);
				GCC_WARN_64_TO_32_BIT_CONVERSION = YES;
				GCC_WARN_ABOUT_RETURN_TYPE = YES_ERROR;
				GCC_WARN_UNDECLARED_SELECTOR = YES;
				GCC_WARN_UNINITIALIZED_AUTOS = YES_AGGRESSIVE;
				GCC_WARN_UNUSED_FUNCTION = YES;
				GCC_WARN_UNUSED_VARIABLE = YES;
				IPHONEOS_DEPLOYMENT_TARGET = 8.0;
				MTL_ENABLE_DEBUG_INFO = YES;
				ONLY_ACTIVE_ARCH = YES;
				SDKROOT = iphoneos;
				SWIFT_OPTIMIZATION_LEVEL = "-Onone";
			};
			name = Debug;
		};
		CE13DD461D1AA65C0072D045 /* Release */ = {
			isa = XCBuildConfiguration;
			buildSettings = {
				ALWAYS_SEARCH_USER_PATHS = NO;
				CLANG_ANALYZER_NONNULL = YES;
				CLANG_CXX_LANGUAGE_STANDARD = "gnu++0x";
				CLANG_CXX_LIBRARY = "libc++";
				CLANG_ENABLE_MODULES = YES;
				CLANG_ENABLE_OBJC_ARC = YES;
				CLANG_WARN_BOOL_CONVERSION = YES;
				CLANG_WARN_CONSTANT_CONVERSION = YES;
				CLANG_WARN_DIRECT_OBJC_ISA_USAGE = YES_ERROR;
				CLANG_WARN_EMPTY_BODY = YES;
				CLANG_WARN_ENUM_CONVERSION = YES;
				CLANG_WARN_INT_CONVERSION = YES;
				CLANG_WARN_OBJC_ROOT_CLASS = YES_ERROR;
				CLANG_WARN_UNREACHABLE_CODE = YES;
				CLANG_WARN__DUPLICATE_METHOD_MATCH = YES;
				"CODE_SIGN_IDENTITY[sdk=iphoneos*]" = "iPhone Developer";
				COPY_PHASE_STRIP = NO;
				DEBUG_INFORMATION_FORMAT = "dwarf-with-dsym";
				ENABLE_NS_ASSERTIONS = NO;
				ENABLE_STRICT_OBJC_MSGSEND = YES;
				GCC_C_LANGUAGE_STANDARD = gnu99;
				GCC_NO_COMMON_BLOCKS = YES;
				GCC_WARN_64_TO_32_BIT_CONVERSION = YES;
				GCC_WARN_ABOUT_RETURN_TYPE = YES_ERROR;
				GCC_WARN_UNDECLARED_SELECTOR = YES;
				GCC_WARN_UNINITIALIZED_AUTOS = YES_AGGRESSIVE;
				GCC_WARN_UNUSED_FUNCTION = YES;
				GCC_WARN_UNUSED_VARIABLE = YES;
				IPHONEOS_DEPLOYMENT_TARGET = 8.0;
				MTL_ENABLE_DEBUG_INFO = NO;
				SDKROOT = iphoneos;
				VALIDATE_PRODUCT = YES;
			};
			name = Release;
		};
		CE13DD481D1AA65C0072D045 /* Debug */ = {
			isa = XCBuildConfiguration;
			baseConfigurationReference = 287305FD4034B5187F9F7754 /* Pods-StorageApp.debug.xcconfig */;
			buildSettings = {
				ASSETCATALOG_COMPILER_APPICON_NAME = AppIcon;
				INFOPLIST_FILE = StorageApp/Info.plist;
				IPHONEOS_DEPLOYMENT_TARGET = 8.0;
				LD_RUNPATH_SEARCH_PATHS = "$(inherited) @executable_path/Frameworks";
				PRODUCT_BUNDLE_IDENTIFIER = DSB.StorageApp;
				PRODUCT_NAME = "$(TARGET_NAME)";
			};
			name = Debug;
		};
		CE13DD491D1AA65C0072D045 /* Release */ = {
			isa = XCBuildConfiguration;
			baseConfigurationReference = 06E61592EBE20614F3E03F57 /* Pods-StorageApp.release.xcconfig */;
			buildSettings = {
				ASSETCATALOG_COMPILER_APPICON_NAME = AppIcon;
				INFOPLIST_FILE = StorageApp/Info.plist;
				IPHONEOS_DEPLOYMENT_TARGET = 8.0;
				LD_RUNPATH_SEARCH_PATHS = "$(inherited) @executable_path/Frameworks";
				PRODUCT_BUNDLE_IDENTIFIER = DSB.StorageApp;
				PRODUCT_NAME = "$(TARGET_NAME)";
			};
			name = Release;
		};
		CE13DD4B1D1AA65C0072D045 /* Debug */ = {
			isa = XCBuildConfiguration;
			baseConfigurationReference = 4A3476F8C784C04C70B08018 /* Pods-StorageAppTests.debug.xcconfig */;
			buildSettings = {
				BUNDLE_LOADER = "$(TEST_HOST)";
				INFOPLIST_FILE = StorageAppTests/Info.plist;
				LD_RUNPATH_SEARCH_PATHS = "$(inherited) @executable_path/Frameworks @loader_path/Frameworks";
				PRODUCT_BUNDLE_IDENTIFIER = DSB.StorageAppTests;
				PRODUCT_NAME = "$(TARGET_NAME)";
				TEST_HOST = "$(BUILT_PRODUCTS_DIR)/StorageApp.app/StorageApp";
			};
			name = Debug;
		};
		CE13DD4C1D1AA65C0072D045 /* Release */ = {
			isa = XCBuildConfiguration;
			baseConfigurationReference = 96993B5F759772FC99315CD3 /* Pods-StorageAppTests.release.xcconfig */;
			buildSettings = {
				BUNDLE_LOADER = "$(TEST_HOST)";
				INFOPLIST_FILE = StorageAppTests/Info.plist;
				LD_RUNPATH_SEARCH_PATHS = "$(inherited) @executable_path/Frameworks @loader_path/Frameworks";
				PRODUCT_BUNDLE_IDENTIFIER = DSB.StorageAppTests;
				PRODUCT_NAME = "$(TARGET_NAME)";
				TEST_HOST = "$(BUILT_PRODUCTS_DIR)/StorageApp.app/StorageApp";
			};
			name = Release;
		};
		CE13DD4E1D1AA65C0072D045 /* Debug */ = {
			isa = XCBuildConfiguration;
			baseConfigurationReference = 0F57C8D15AF55EF3A4B57067 /* Pods-StorageAppUITests.debug.xcconfig */;
			buildSettings = {
				INFOPLIST_FILE = StorageAppUITests/Info.plist;
				LD_RUNPATH_SEARCH_PATHS = "$(inherited) @executable_path/Frameworks @loader_path/Frameworks";
				PRODUCT_BUNDLE_IDENTIFIER = DSB.StorageAppUITests;
				PRODUCT_NAME = "$(TARGET_NAME)";
				TEST_TARGET_NAME = StorageApp;
			};
			name = Debug;
		};
		CE13DD4F1D1AA65C0072D045 /* Release */ = {
			isa = XCBuildConfiguration;
			baseConfigurationReference = 3AD1F0977171F7E9A39F2D34 /* Pods-StorageAppUITests.release.xcconfig */;
			buildSettings = {
				INFOPLIST_FILE = StorageAppUITests/Info.plist;
				LD_RUNPATH_SEARCH_PATHS = "$(inherited) @executable_path/Frameworks @loader_path/Frameworks";
				PRODUCT_BUNDLE_IDENTIFIER = DSB.StorageAppUITests;
				PRODUCT_NAME = "$(TARGET_NAME)";
				TEST_TARGET_NAME = StorageApp;
			};
			name = Release;
		};
/* End XCBuildConfiguration section */

/* Begin XCConfigurationList section */
		CE13DD1A1D1AA65B0072D045 /* Build configuration list for PBXProject "StorageApp" */ = {
			isa = XCConfigurationList;
			buildConfigurations = (
				CE13DD451D1AA65C0072D045 /* Debug */,
				CE13DD461D1AA65C0072D045 /* Release */,
			);
			defaultConfigurationIsVisible = 0;
			defaultConfigurationName = Release;
		};
		CE13DD471D1AA65C0072D045 /* Build configuration list for PBXNativeTarget "StorageApp" */ = {
			isa = XCConfigurationList;
			buildConfigurations = (
				CE13DD481D1AA65C0072D045 /* Debug */,
				CE13DD491D1AA65C0072D045 /* Release */,
			);
			defaultConfigurationIsVisible = 0;
			defaultConfigurationName = Release;
		};
		CE13DD4A1D1AA65C0072D045 /* Build configuration list for PBXNativeTarget "StorageAppTests" */ = {
			isa = XCConfigurationList;
			buildConfigurations = (
				CE13DD4B1D1AA65C0072D045 /* Debug */,
				CE13DD4C1D1AA65C0072D045 /* Release */,
			);
			defaultConfigurationIsVisible = 0;
			defaultConfigurationName = Release;
		};
		CE13DD4D1D1AA65C0072D045 /* Build configuration list for PBXNativeTarget "StorageAppUITests" */ = {
			isa = XCConfigurationList;
			buildConfigurations = (
				CE13DD4E1D1AA65C0072D045 /* Debug */,
				CE13DD4F1D1AA65C0072D045 /* Release */,
			);
			defaultConfigurationIsVisible = 0;
			defaultConfigurationName = Release;
		};
/* End XCConfigurationList section */
	};
	rootObject = CE13DD171D1AA65B0072D045 /* Project object */;
}
